
Microsoft Visual Studio Solution File, Format Version 12.00
# Visual Studio 14
VisualStudioVersion = 14.0.25420.1
MinimumVisualStudioVersion = 10.0.40219.1
Project("{FAE04EC0-301F-11D3-BF4B-00C04F79EFBC}") = "BadPoetry", "BadPoetry\BadPoetry.csproj", "{C94E5F05-504D-4AB4-A1BF-C95DD09DF568}"
EndProject
Global
	GlobalSection(SolutionConfigurationPlatforms) = preSolution
		Debug|Any CPU = Debug|Any CPU
		Release|Any CPU = Release|Any CPU
	EndGlobalSection
	GlobalSection(ProjectConfigurationPlatforms) = postSolution
		{C94E5F05-504D-4AB4-A1BF-C95DD09DF568}.Debug|Any CPU.ActiveCfg = Debug|Any CPU
		{C94E5F05-504D-4AB4-A1BF-C95DD09DF568}.Debug|Any CPU.Build.0 = Debug|Any CPU
		{C94E5F05-504D-4AB4-A1BF-C95DD09DF568}.Release|Any CPU.ActiveCfg = Release|Any CPU
		{C94E5F05-504D-4AB4-A1BF-C95DD09DF568}.Release|Any CPU.Build.0 = Release|Any CPU
	EndGlobalSection
	GlobalSection(SolutionProperties) = preSolution
		HideSolutionNode = FALSE
	EndGlobalSection
	GlobalSection(ExtensibilityGlobals) = postSolution
		SolutionGuid = {4A350143-C0A6-49D8-9749-C7E5AAB09A84}
	EndGlobalSection
	GlobalSection(ExtensibilityGlobals) = postSolution
		SolutionGuid = {4A350143-C0A6-49D8-9749-C7E5AAB09A84}
	EndGlobalSection
	GlobalSection(ExtensibilityGlobals) = postSolution
		SolutionGuid = {4A350143-C0A6-49D8-9749-C7E5AAB09A84}
	EndGlobalSection
EndGlobal
